// !$*UTF8*$!
{
	archiveVersion = 1;
	classes = {
	};
	objectVersion = 46;
	objects = {

/* Begin PBXBuildFile section */
		089A5FB0E601FE4A631A05AA /* Pods_FunGif.framework in Frameworks */ = {isa = PBXBuildFile; fileRef = B775513AF02DB5BFFA2CCADC /* Pods_FunGif.framework */; };
		2C964C6396819326AA159A7D /* Pods_FunGifTests.framework in Frameworks */ = {isa = PBXBuildFile; fileRef = EB58767441B63FCC2511C621 /* Pods_FunGifTests.framework */; };
		3E2B0C3127F8EDC98CCFA5B4 /* Pods_FunGif.framework in Frameworks */ = {isa = PBXBuildFile; fileRef = 039550745495A4F31BDDA2C2 /* Pods_FunGif.framework */; };
		AAC25F671E45AC3D00A87928 /* libWeChatSDK.a in Frameworks */ = {isa = PBXBuildFile; fileRef = AAC25F621E45AC3D00A87928 /* libWeChatSDK.a */; };
		AAC25F681E45AC3D00A87928 /* README.txt in Resources */ = {isa = PBXBuildFile; fileRef = AAC25F631E45AC3D00A87928 /* README.txt */; };
		AAC25F6B1E45AC6400A87928 /* HeaderBridging.m in Sources */ = {isa = PBXBuildFile; fileRef = AAC25F6A1E45AC6400A87928 /* HeaderBridging.m */; };
		AAC25F6E1E45C51900A87928 /* SettingViewController.swift in Sources */ = {isa = PBXBuildFile; fileRef = AAC25F6D1E45C51900A87928 /* SettingViewController.swift */; };
		AB1E5ABD1DFF82D100135A9F /* laughing.gif in Resources */ = {isa = PBXBuildFile; fileRef = AB1E5A8E1DFF82D100135A9F /* laughing.gif */; };
		AB1E5ABE1DFF82D100135A9F /* blackandwhite.gif in Resources */ = {isa = PBXBuildFile; fileRef = AB1E5A901DFF82D100135A9F /* blackandwhite.gif */; };
		AB1E5ABF1DFF82D100135A9F /* goat.gif in Resources */ = {isa = PBXBuildFile; fileRef = AB1E5A921DFF82D100135A9F /* goat.gif */; };
		AB1E5AC01DFF82D100135A9F /* cowboybebop.gif in Resources */ = {isa = PBXBuildFile; fileRef = AB1E5A941DFF82D100135A9F /* cowboybebop.gif */; };
		AB1E5AC11DFF82D100135A9F /* typography.gif in Resources */ = {isa = PBXBuildFile; fileRef = AB1E5A961DFF82D100135A9F /* typography.gif */; };
		AB1E5AC21DFF82D100135A9F /* minions.gif in Resources */ = {isa = PBXBuildFile; fileRef = AB1E5A981DFF82D100135A9F /* minions.gif */; };
		AB1E5AC31DFF82D100135A9F /* leonardodicaprio.gif in Resources */ = {isa = PBXBuildFile; fileRef = AB1E5A9A1DFF82D100135A9F /* leonardodicaprio.gif */; };
		AB1E5AC41DFF82D100135A9F /* 80s.gif in Resources */ = {isa = PBXBuildFile; fileRef = AB1E5A9C1DFF82D100135A9F /* 80s.gif */; };
		AB1E5AC51DFF82D100135A9F /* bored.gif in Resources */ = {isa = PBXBuildFile; fileRef = AB1E5A9E1DFF82D100135A9F /* bored.gif */; };
		AB1E5AC61DFF82D100135A9F /* dior.gif in Resources */ = {isa = PBXBuildFile; fileRef = AB1E5AA01DFF82D100135A9F /* dior.gif */; };
		AB1E5AC71DFF82D100135A9F /* pizza.gif in Resources */ = {isa = PBXBuildFile; fileRef = AB1E5AA21DFF82D100135A9F /* pizza.gif */; };
		AB1E5AC81DFF82D100135A9F /* gameboy.gif in Resources */ = {isa = PBXBuildFile; fileRef = AB1E5AA41DFF82D100135A9F /* gameboy.gif */; };
		AB1E5AC91DFF82D100135A9F /* chrismas.gif in Resources */ = {isa = PBXBuildFile; fileRef = AB1E5AA61DFF82D100135A9F /* chrismas.gif */; };
		AB1E5ACA1DFF82D100135A9F /* iphone.gif in Resources */ = {isa = PBXBuildFile; fileRef = AB1E5AA81DFF82D100135A9F /* iphone.gif */; };
		AB1E5ACB1DFF82D100135A9F /* letmeloveyou.gif in Resources */ = {isa = PBXBuildFile; fileRef = AB1E5AAA1DFF82D100135A9F /* letmeloveyou.gif */; };
		AB1E5ACC1DFF82D100135A9F /* thehungergames.gif in Resources */ = {isa = PBXBuildFile; fileRef = AB1E5AAC1DFF82D100135A9F /* thehungergames.gif */; };
		AB1E5ACD1DFF82D100135A9F /* rihanna.gif in Resources */ = {isa = PBXBuildFile; fileRef = AB1E5AAE1DFF82D100135A9F /* rihanna.gif */; };
		AB1E5ACE1DFF82D100135A9F /* clouds.gif in Resources */ = {isa = PBXBuildFile; fileRef = AB1E5AB01DFF82D100135A9F /* clouds.gif */; };
		AB1E5ACF1DFF82D100135A9F /* hillaryclinton.gif in Resources */ = {isa = PBXBuildFile; fileRef = AB1E5AB21DFF82D100135A9F /* hillaryclinton.gif */; };
		AB1E5AD01DFF82D100135A9F /* lol.gif in Resources */ = {isa = PBXBuildFile; fileRef = AB1E5AB41DFF82D100135A9F /* lol.gif */; };
		AB1E5AD11DFF82D100135A9F /* nasa.gif in Resources */ = {isa = PBXBuildFile; fileRef = AB1E5AB61DFF82D100135A9F /* nasa.gif */; };
		AB1E5AD21DFF82D100135A9F /* basketball.gif in Resources */ = {isa = PBXBuildFile; fileRef = AB1E5AB81DFF82D100135A9F /* basketball.gif */; };
		AB1E5AD31DFF82D100135A9F /* bmw.gif in Resources */ = {isa = PBXBuildFile; fileRef = AB1E5ABA1DFF82D100135A9F /* bmw.gif */; };
		AB1E5AD41DFF82D100135A9F /* gameofthrones.gif in Resources */ = {isa = PBXBuildFile; fileRef = AB1E5ABC1DFF82D100135A9F /* gameofthrones.gif */; };
		AB2184B41DFD9D4400F2C374 /* MenuTableViewController.swift in Sources */ = {isa = PBXBuildFile; fileRef = AB2184B31DFD9D4400F2C374 /* MenuTableViewController.swift */; };
		AB2843891DA724E100650ACA /* AppDelegate.swift in Sources */ = {isa = PBXBuildFile; fileRef = AB2843881DA724E100650ACA /* AppDelegate.swift */; };
		AB28438E1DA724E100650ACA /* Main.storyboard in Resources */ = {isa = PBXBuildFile; fileRef = AB28438C1DA724E100650ACA /* Main.storyboard */; };
		AB2843901DA724E100650ACA /* Assets.xcassets in Resources */ = {isa = PBXBuildFile; fileRef = AB28438F1DA724E100650ACA /* Assets.xcassets */; };
		AB2843931DA724E100650ACA /* LaunchScreen.storyboard in Resources */ = {isa = PBXBuildFile; fileRef = AB2843911DA724E100650ACA /* LaunchScreen.storyboard */; };
		AB28439E1DA724E100650ACA /* FunGifTests.swift in Sources */ = {isa = PBXBuildFile; fileRef = AB28439D1DA724E100650ACA /* FunGifTests.swift */; };
		AB2843A91DA724E100650ACA /* FunGifUITests.swift in Sources */ = {isa = PBXBuildFile; fileRef = AB2843A81DA724E100650ACA /* FunGifUITests.swift */; };
		AB2F66551E0AC4A300430E80 /* GifCell.swift in Sources */ = {isa = PBXBuildFile; fileRef = AB2F66541E0AC4A300430E80 /* GifCell.swift */; };
		AB5817021DFE0D4200C3D4B6 /* MenuCell.swift in Sources */ = {isa = PBXBuildFile; fileRef = AB5817011DFE0D4200C3D4B6 /* MenuCell.swift */; };
		AB5817061DFE1AE400C3D4B6 /* CustomDataSource.swift in Sources */ = {isa = PBXBuildFile; fileRef = AB5817051DFE1AE400C3D4B6 /* CustomDataSource.swift */; };
		AB58170C1DFE4B0500C3D4B6 /* CustomSliderView.swift in Sources */ = {isa = PBXBuildFile; fileRef = AB58170B1DFE4B0500C3D4B6 /* CustomSliderView.swift */; };
		AB680F311DAFB55C001AFA95 /* CoreTelephony.framework in Frameworks */ = {isa = PBXBuildFile; fileRef = AB680F301DAFB55C001AFA95 /* CoreTelephony.framework */; };
		AB680F331DAFB629001AFA95 /* libc++.tbd in Frameworks */ = {isa = PBXBuildFile; fileRef = AB680F321DAFB629001AFA95 /* libc++.tbd */; };
		AB680F351DAFB633001AFA95 /* libsqlite3.0.tbd in Frameworks */ = {isa = PBXBuildFile; fileRef = AB680F341DAFB633001AFA95 /* libsqlite3.0.tbd */; };
		AB680F371DAFB63D001AFA95 /* libz.tbd in Frameworks */ = {isa = PBXBuildFile; fileRef = AB680F361DAFB63D001AFA95 /* libz.tbd */; };
		AB680F391DAFB645001AFA95 /* SystemConfiguration.framework in Frameworks */ = {isa = PBXBuildFile; fileRef = AB680F381DAFB645001AFA95 /* SystemConfiguration.framework */; };
		AB71A8E01E0B77D500C8D9E8 /* SearchViewController.swift in Sources */ = {isa = PBXBuildFile; fileRef = AB71A8DF1E0B77D500C8D9E8 /* SearchViewController.swift */; };
		ABA3A7A91E0804B100CAB1CF /* MainPage.swift in Sources */ = {isa = PBXBuildFile; fileRef = ABA3A7A81E0804B100CAB1CF /* MainPage.swift */; };
		ABA3A7AD1E08061800CAB1CF /* WaterFallLayout.swift in Sources */ = {isa = PBXBuildFile; fileRef = ABA3A7AC1E08061800CAB1CF /* WaterFallLayout.swift */; };
		ABA58EC21DFECF4000F0FFF2 /* Categories.plist in Resources */ = {isa = PBXBuildFile; fileRef = ABA58EC11DFECF4000F0FFF2 /* Categories.plist */; };
		ABA58EC31DFED6EC00F0FFF2 /* Categories.plist in Resources */ = {isa = PBXBuildFile; fileRef = ABA58EC11DFECF4000F0FFF2 /* Categories.plist */; };
		ABE045131E0A9DCF00FCF4B4 /* Gif.swift in Sources */ = {isa = PBXBuildFile; fileRef = ABE045121E0A9DCF00FCF4B4 /* Gif.swift */; };
		ABE045161E0AA07700FCF4B4 /* Decodable.swift in Sources */ = {isa = PBXBuildFile; fileRef = ABE045151E0AA07700FCF4B4 /* Decodable.swift */; };
		ABE045181E0AA0F900FCF4B4 /* Request.swift in Sources */ = {isa = PBXBuildFile; fileRef = ABE045171E0AA0F900FCF4B4 /* Request.swift */; };
		ABE0451A1E0AA14000FCF4B4 /* GifRequest.swift in Sources */ = {isa = PBXBuildFile; fileRef = ABE045191E0AA14000FCF4B4 /* GifRequest.swift */; };
		ABE0451C1E0AA18F00FCF4B4 /* Client.swift in Sources */ = {isa = PBXBuildFile; fileRef = ABE0451B1E0AA18F00FCF4B4 /* Client.swift */; };
		ABE0451E1E0AA24200FCF4B4 /* GifClient.swift in Sources */ = {isa = PBXBuildFile; fileRef = ABE0451D1E0AA24200FCF4B4 /* GifClient.swift */; };
		ABF92ED81DFD731300700D50 /* KGDrawerAnimating.swift in Sources */ = {isa = PBXBuildFile; fileRef = ABF92ED41DFD731300700D50 /* KGDrawerAnimating.swift */; };
		ABF92ED91DFD731300700D50 /* KGDrawerSpringAnimator.swift in Sources */ = {isa = PBXBuildFile; fileRef = ABF92ED51DFD731300700D50 /* KGDrawerSpringAnimator.swift */; };
		ABF92EDA1DFD731300700D50 /* KGDrawerView.swift in Sources */ = {isa = PBXBuildFile; fileRef = ABF92ED61DFD731300700D50 /* KGDrawerView.swift */; };
		ABF92EDB1DFD731300700D50 /* KGDrawerViewController.swift in Sources */ = {isa = PBXBuildFile; fileRef = ABF92ED71DFD731300700D50 /* KGDrawerViewController.swift */; };
		ABF92EDE1DFD749500700D50 /* PublicVariable.swift in Sources */ = {isa = PBXBuildFile; fileRef = ABF92EDD1DFD749500700D50 /* PublicVariable.swift */; };
		ABF941E51DFD4F9F009BFE8A /* CategoryViewController.swift in Sources */ = {isa = PBXBuildFile; fileRef = ABF941E41DFD4F9F009BFE8A /* CategoryViewController.swift */; };
		AE4A6739653D48991D921740 /* Pods_FunGifTests.framework in Frameworks */ = {isa = PBXBuildFile; fileRef = 7A73A8633815FFC61E110AE0 /* Pods_FunGifTests.framework */; };
/* End PBXBuildFile section */

/* Begin PBXContainerItemProxy section */
		AB28439A1DA724E100650ACA /* PBXContainerItemProxy */ = {
			isa = PBXContainerItemProxy;
			containerPortal = AB28437D1DA724E100650ACA /* Project object */;
			proxyType = 1;
			remoteGlobalIDString = AB2843841DA724E100650ACA;
			remoteInfo = FunGif;
		};
		AB2843A51DA724E100650ACA /* PBXContainerItemProxy */ = {
			isa = PBXContainerItemProxy;
			containerPortal = AB28437D1DA724E100650ACA /* Project object */;
			proxyType = 1;
			remoteGlobalIDString = AB2843841DA724E100650ACA;
			remoteInfo = FunGif;
		};
/* End PBXContainerItemProxy section */

/* Begin PBXFileReference section */
		039550745495A4F31BDDA2C2 /* Pods_FunGif.framework */ = {isa = PBXFileReference; explicitFileType = wrapper.framework; includeInIndex = 0; path = Pods_FunGif.framework; sourceTree = BUILT_PRODUCTS_DIR; };
		06D33386BE16423C1D93049D /* Pods-FunGifTests.debug.xcconfig */ = {isa = PBXFileReference; includeInIndex = 1; lastKnownFileType = text.xcconfig; name = "Pods-FunGifTests.debug.xcconfig"; path = "Pods/Target Support Files/Pods-FunGifTests/Pods-FunGifTests.debug.xcconfig"; sourceTree = "<group>"; };
		303A48E98F5E8CB8EAD10F3C /* Pods-FunGifTests.release.xcconfig */ = {isa = PBXFileReference; includeInIndex = 1; lastKnownFileType = text.xcconfig; name = "Pods-FunGifTests.release.xcconfig"; path = "Pods/Target Support Files/Pods-FunGifTests/Pods-FunGifTests.release.xcconfig"; sourceTree = "<group>"; };
		5409F9F66354E6FD7DF6E009 /* Pods-FunGif.release.xcconfig */ = {isa = PBXFileReference; includeInIndex = 1; lastKnownFileType = text.xcconfig; name = "Pods-FunGif.release.xcconfig"; path = "Pods/Target Support Files/Pods-FunGif/Pods-FunGif.release.xcconfig"; sourceTree = "<group>"; };
		695378BE647C3983DC734D65 /* Pods-FunGifTests.debug.xcconfig */ = {isa = PBXFileReference; includeInIndex = 1; lastKnownFileType = text.xcconfig; name = "Pods-FunGifTests.debug.xcconfig"; path = "Pods/Target Support Files/Pods-FunGifTests/Pods-FunGifTests.debug.xcconfig"; sourceTree = "<group>"; };
		7A73A8633815FFC61E110AE0 /* Pods_FunGifTests.framework */ = {isa = PBXFileReference; explicitFileType = wrapper.framework; includeInIndex = 0; path = Pods_FunGifTests.framework; sourceTree = BUILT_PRODUCTS_DIR; };
		AAC25F621E45AC3D00A87928 /* libWeChatSDK.a */ = {isa = PBXFileReference; lastKnownFileType = archive.ar; path = libWeChatSDK.a; sourceTree = "<group>"; };
		AAC25F631E45AC3D00A87928 /* README.txt */ = {isa = PBXFileReference; fileEncoding = 4; lastKnownFileType = text; path = README.txt; sourceTree = "<group>"; };
		AAC25F641E45AC3D00A87928 /* WechatAuthSDK.h */ = {isa = PBXFileReference; fileEncoding = 4; lastKnownFileType = sourcecode.c.h; path = WechatAuthSDK.h; sourceTree = "<group>"; };
		AAC25F651E45AC3D00A87928 /* WXApi.h */ = {isa = PBXFileReference; fileEncoding = 4; lastKnownFileType = sourcecode.c.h; path = WXApi.h; sourceTree = "<group>"; };
		AAC25F661E45AC3D00A87928 /* WXApiObject.h */ = {isa = PBXFileReference; fileEncoding = 4; lastKnownFileType = sourcecode.c.h; path = WXApiObject.h; sourceTree = "<group>"; };
		AAC25F691E45AC6400A87928 /* FunGif-Bridging-Header.h */ = {isa = PBXFileReference; lastKnownFileType = sourcecode.c.h; path = "FunGif-Bridging-Header.h"; sourceTree = "<group>"; };
		AAC25F6A1E45AC6400A87928 /* HeaderBridging.m */ = {isa = PBXFileReference; fileEncoding = 4; lastKnownFileType = sourcecode.c.objc; path = HeaderBridging.m; sourceTree = "<group>"; };
		AAC25F6D1E45C51900A87928 /* SettingViewController.swift */ = {isa = PBXFileReference; fileEncoding = 4; lastKnownFileType = sourcecode.swift; path = SettingViewController.swift; sourceTree = "<group>"; };
		AB1E5A8E1DFF82D100135A9F /* laughing.gif */ = {isa = PBXFileReference; lastKnownFileType = image.gif; path = laughing.gif; sourceTree = "<group>"; };
		AB1E5A901DFF82D100135A9F /* blackandwhite.gif */ = {isa = PBXFileReference; lastKnownFileType = image.gif; path = blackandwhite.gif; sourceTree = "<group>"; };
		AB1E5A921DFF82D100135A9F /* goat.gif */ = {isa = PBXFileReference; lastKnownFileType = image.gif; path = goat.gif; sourceTree = "<group>"; };
		AB1E5A941DFF82D100135A9F /* cowboybebop.gif */ = {isa = PBXFileReference; lastKnownFileType = image.gif; path = cowboybebop.gif; sourceTree = "<group>"; };
		AB1E5A961DFF82D100135A9F /* typography.gif */ = {isa = PBXFileReference; lastKnownFileType = image.gif; path = typography.gif; sourceTree = "<group>"; };
		AB1E5A981DFF82D100135A9F /* minions.gif */ = {isa = PBXFileReference; lastKnownFileType = image.gif; path = minions.gif; sourceTree = "<group>"; };
		AB1E5A9A1DFF82D100135A9F /* leonardodicaprio.gif */ = {isa = PBXFileReference; lastKnownFileType = image.gif; path = leonardodicaprio.gif; sourceTree = "<group>"; };
		AB1E5A9C1DFF82D100135A9F /* 80s.gif */ = {isa = PBXFileReference; lastKnownFileType = image.gif; path = 80s.gif; sourceTree = "<group>"; };
		AB1E5A9E1DFF82D100135A9F /* bored.gif */ = {isa = PBXFileReference; lastKnownFileType = image.gif; path = bored.gif; sourceTree = "<group>"; };
		AB1E5AA01DFF82D100135A9F /* dior.gif */ = {isa = PBXFileReference; lastKnownFileType = image.gif; path = dior.gif; sourceTree = "<group>"; };
		AB1E5AA21DFF82D100135A9F /* pizza.gif */ = {isa = PBXFileReference; lastKnownFileType = image.gif; path = pizza.gif; sourceTree = "<group>"; };
		AB1E5AA41DFF82D100135A9F /* gameboy.gif */ = {isa = PBXFileReference; lastKnownFileType = image.gif; path = gameboy.gif; sourceTree = "<group>"; };
		AB1E5AA61DFF82D100135A9F /* chrismas.gif */ = {isa = PBXFileReference; lastKnownFileType = image.gif; path = chrismas.gif; sourceTree = "<group>"; };
		AB1E5AA81DFF82D100135A9F /* iphone.gif */ = {isa = PBXFileReference; lastKnownFileType = image.gif; path = iphone.gif; sourceTree = "<group>"; };
		AB1E5AAA1DFF82D100135A9F /* letmeloveyou.gif */ = {isa = PBXFileReference; lastKnownFileType = image.gif; path = letmeloveyou.gif; sourceTree = "<group>"; };
		AB1E5AAC1DFF82D100135A9F /* thehungergames.gif */ = {isa = PBXFileReference; lastKnownFileType = image.gif; path = thehungergames.gif; sourceTree = "<group>"; };
		AB1E5AAE1DFF82D100135A9F /* rihanna.gif */ = {isa = PBXFileReference; lastKnownFileType = image.gif; path = rihanna.gif; sourceTree = "<group>"; };
		AB1E5AB01DFF82D100135A9F /* clouds.gif */ = {isa = PBXFileReference; lastKnownFileType = image.gif; path = clouds.gif; sourceTree = "<group>"; };
		AB1E5AB21DFF82D100135A9F /* hillaryclinton.gif */ = {isa = PBXFileReference; lastKnownFileType = image.gif; path = hillaryclinton.gif; sourceTree = "<group>"; };
		AB1E5AB41DFF82D100135A9F /* lol.gif */ = {isa = PBXFileReference; lastKnownFileType = image.gif; path = lol.gif; sourceTree = "<group>"; };
		AB1E5AB61DFF82D100135A9F /* nasa.gif */ = {isa = PBXFileReference; lastKnownFileType = image.gif; path = nasa.gif; sourceTree = "<group>"; };
		AB1E5AB81DFF82D100135A9F /* basketball.gif */ = {isa = PBXFileReference; lastKnownFileType = image.gif; path = basketball.gif; sourceTree = "<group>"; };
		AB1E5ABA1DFF82D100135A9F /* bmw.gif */ = {isa = PBXFileReference; lastKnownFileType = image.gif; path = bmw.gif; sourceTree = "<group>"; };
		AB1E5ABC1DFF82D100135A9F /* gameofthrones.gif */ = {isa = PBXFileReference; lastKnownFileType = image.gif; path = gameofthrones.gif; sourceTree = "<group>"; };
		AB2184B31DFD9D4400F2C374 /* MenuTableViewController.swift */ = {isa = PBXFileReference; fileEncoding = 4; lastKnownFileType = sourcecode.swift; path = MenuTableViewController.swift; sourceTree = "<group>"; };
		AB2843851DA724E100650ACA /* FunGif.app */ = {isa = PBXFileReference; explicitFileType = wrapper.application; includeInIndex = 0; path = FunGif.app; sourceTree = BUILT_PRODUCTS_DIR; };
		AB2843881DA724E100650ACA /* AppDelegate.swift */ = {isa = PBXFileReference; lastKnownFileType = sourcecode.swift; path = AppDelegate.swift; sourceTree = "<group>"; };
		AB28438D1DA724E100650ACA /* Base */ = {isa = PBXFileReference; lastKnownFileType = file.storyboard; name = Base; path = Base.lproj/Main.storyboard; sourceTree = "<group>"; };
		AB28438F1DA724E100650ACA /* Assets.xcassets */ = {isa = PBXFileReference; lastKnownFileType = folder.assetcatalog; path = Assets.xcassets; sourceTree = "<group>"; };
		AB2843921DA724E100650ACA /* Base */ = {isa = PBXFileReference; lastKnownFileType = file.storyboard; name = Base; path = Base.lproj/LaunchScreen.storyboard; sourceTree = "<group>"; };
		AB2843941DA724E100650ACA /* Info.plist */ = {isa = PBXFileReference; lastKnownFileType = text.plist.xml; path = Info.plist; sourceTree = "<group>"; };
		AB2843991DA724E100650ACA /* FunGifTests.xctest */ = {isa = PBXFileReference; explicitFileType = wrapper.cfbundle; includeInIndex = 0; path = FunGifTests.xctest; sourceTree = BUILT_PRODUCTS_DIR; };
		AB28439D1DA724E100650ACA /* FunGifTests.swift */ = {isa = PBXFileReference; lastKnownFileType = sourcecode.swift; path = FunGifTests.swift; sourceTree = "<group>"; };
		AB28439F1DA724E100650ACA /* Info.plist */ = {isa = PBXFileReference; lastKnownFileType = text.plist.xml; path = Info.plist; sourceTree = "<group>"; };
		AB2843A41DA724E100650ACA /* FunGifUITests.xctest */ = {isa = PBXFileReference; explicitFileType = wrapper.cfbundle; includeInIndex = 0; path = FunGifUITests.xctest; sourceTree = BUILT_PRODUCTS_DIR; };
		AB2843A81DA724E100650ACA /* FunGifUITests.swift */ = {isa = PBXFileReference; lastKnownFileType = sourcecode.swift; path = FunGifUITests.swift; sourceTree = "<group>"; };
		AB2843AA1DA724E100650ACA /* Info.plist */ = {isa = PBXFileReference; lastKnownFileType = text.plist.xml; path = Info.plist; sourceTree = "<group>"; };
		AB2F66541E0AC4A300430E80 /* GifCell.swift */ = {isa = PBXFileReference; fileEncoding = 4; lastKnownFileType = sourcecode.swift; path = GifCell.swift; sourceTree = "<group>"; };
		AB5817011DFE0D4200C3D4B6 /* MenuCell.swift */ = {isa = PBXFileReference; fileEncoding = 4; lastKnownFileType = sourcecode.swift; path = MenuCell.swift; sourceTree = "<group>"; };
		AB5817051DFE1AE400C3D4B6 /* CustomDataSource.swift */ = {isa = PBXFileReference; fileEncoding = 4; lastKnownFileType = sourcecode.swift; path = CustomDataSource.swift; sourceTree = "<group>"; };
		AB58170B1DFE4B0500C3D4B6 /* CustomSliderView.swift */ = {isa = PBXFileReference; fileEncoding = 4; lastKnownFileType = sourcecode.swift; path = CustomSliderView.swift; sourceTree = "<group>"; };
		AB680F301DAFB55C001AFA95 /* CoreTelephony.framework */ = {isa = PBXFileReference; lastKnownFileType = wrapper.framework; name = CoreTelephony.framework; path = System/Library/Frameworks/CoreTelephony.framework; sourceTree = SDKROOT; };
		AB680F321DAFB629001AFA95 /* libc++.tbd */ = {isa = PBXFileReference; lastKnownFileType = "sourcecode.text-based-dylib-definition"; name = "libc++.tbd"; path = "usr/lib/libc++.tbd"; sourceTree = SDKROOT; };
		AB680F341DAFB633001AFA95 /* libsqlite3.0.tbd */ = {isa = PBXFileReference; lastKnownFileType = "sourcecode.text-based-dylib-definition"; name = libsqlite3.0.tbd; path = usr/lib/libsqlite3.0.tbd; sourceTree = SDKROOT; };
		AB680F361DAFB63D001AFA95 /* libz.tbd */ = {isa = PBXFileReference; lastKnownFileType = "sourcecode.text-based-dylib-definition"; name = libz.tbd; path = usr/lib/libz.tbd; sourceTree = SDKROOT; };
		AB680F381DAFB645001AFA95 /* SystemConfiguration.framework */ = {isa = PBXFileReference; lastKnownFileType = wrapper.framework; name = SystemConfiguration.framework; path = System/Library/Frameworks/SystemConfiguration.framework; sourceTree = SDKROOT; };
		AB71A8DF1E0B77D500C8D9E8 /* SearchViewController.swift */ = {isa = PBXFileReference; fileEncoding = 4; lastKnownFileType = sourcecode.swift; path = SearchViewController.swift; sourceTree = "<group>"; };
		ABA3A7A81E0804B100CAB1CF /* MainPage.swift */ = {isa = PBXFileReference; fileEncoding = 4; lastKnownFileType = sourcecode.swift; path = MainPage.swift; sourceTree = "<group>"; };
		ABA3A7AC1E08061800CAB1CF /* WaterFallLayout.swift */ = {isa = PBXFileReference; fileEncoding = 4; lastKnownFileType = sourcecode.swift; path = WaterFallLayout.swift; sourceTree = "<group>"; };
		ABA58EC11DFECF4000F0FFF2 /* Categories.plist */ = {isa = PBXFileReference; fileEncoding = 4; lastKnownFileType = text.plist.xml; path = Categories.plist; sourceTree = "<group>"; };
		ABE045121E0A9DCF00FCF4B4 /* Gif.swift */ = {isa = PBXFileReference; fileEncoding = 4; lastKnownFileType = sourcecode.swift; path = Gif.swift; sourceTree = "<group>"; };
		ABE045151E0AA07700FCF4B4 /* Decodable.swift */ = {isa = PBXFileReference; fileEncoding = 4; lastKnownFileType = sourcecode.swift; path = Decodable.swift; sourceTree = "<group>"; };
		ABE045171E0AA0F900FCF4B4 /* Request.swift */ = {isa = PBXFileReference; fileEncoding = 4; lastKnownFileType = sourcecode.swift; path = Request.swift; sourceTree = "<group>"; };
		ABE045191E0AA14000FCF4B4 /* GifRequest.swift */ = {isa = PBXFileReference; fileEncoding = 4; lastKnownFileType = sourcecode.swift; path = GifRequest.swift; sourceTree = "<group>"; };
		ABE0451B1E0AA18F00FCF4B4 /* Client.swift */ = {isa = PBXFileReference; fileEncoding = 4; lastKnownFileType = sourcecode.swift; path = Client.swift; sourceTree = "<group>"; };
		ABE0451D1E0AA24200FCF4B4 /* GifClient.swift */ = {isa = PBXFileReference; fileEncoding = 4; lastKnownFileType = sourcecode.swift; path = GifClient.swift; sourceTree = "<group>"; };
		ABF92ED41DFD731300700D50 /* KGDrawerAnimating.swift */ = {isa = PBXFileReference; fileEncoding = 4; lastKnownFileType = sourcecode.swift; path = KGDrawerAnimating.swift; sourceTree = "<group>"; };
		ABF92ED51DFD731300700D50 /* KGDrawerSpringAnimator.swift */ = {isa = PBXFileReference; fileEncoding = 4; lastKnownFileType = sourcecode.swift; path = KGDrawerSpringAnimator.swift; sourceTree = "<group>"; };
		ABF92ED61DFD731300700D50 /* KGDrawerView.swift */ = {isa = PBXFileReference; fileEncoding = 4; lastKnownFileType = sourcecode.swift; path = KGDrawerView.swift; sourceTree = "<group>"; };
		ABF92ED71DFD731300700D50 /* KGDrawerViewController.swift */ = {isa = PBXFileReference; fileEncoding = 4; lastKnownFileType = sourcecode.swift; path = KGDrawerViewController.swift; sourceTree = "<group>"; };
		ABF92EDD1DFD749500700D50 /* PublicVariable.swift */ = {isa = PBXFileReference; fileEncoding = 4; lastKnownFileType = sourcecode.swift; path = PublicVariable.swift; sourceTree = "<group>"; };
		ABF941E41DFD4F9F009BFE8A /* CategoryViewController.swift */ = {isa = PBXFileReference; fileEncoding = 4; lastKnownFileType = sourcecode.swift; path = CategoryViewController.swift; sourceTree = "<group>"; };
		B775513AF02DB5BFFA2CCADC /* Pods_FunGif.framework */ = {isa = PBXFileReference; explicitFileType = wrapper.framework; includeInIndex = 0; path = Pods_FunGif.framework; sourceTree = BUILT_PRODUCTS_DIR; };
		C85AEC3F7AB9B8539EF0F2CA /* Pods-FunGifTests.release.xcconfig */ = {isa = PBXFileReference; includeInIndex = 1; lastKnownFileType = text.xcconfig; name = "Pods-FunGifTests.release.xcconfig"; path = "Pods/Target Support Files/Pods-FunGifTests/Pods-FunGifTests.release.xcconfig"; sourceTree = "<group>"; };
		CE116B134E3CB74695325C17 /* Pods-FunGif.release.xcconfig */ = {isa = PBXFileReference; includeInIndex = 1; lastKnownFileType = text.xcconfig; name = "Pods-FunGif.release.xcconfig"; path = "Pods/Target Support Files/Pods-FunGif/Pods-FunGif.release.xcconfig"; sourceTree = "<group>"; };
		D0C0DC222EF05861DE0497B3 /* Pods-FunGif.debug.xcconfig */ = {isa = PBXFileReference; includeInIndex = 1; lastKnownFileType = text.xcconfig; name = "Pods-FunGif.debug.xcconfig"; path = "Pods/Target Support Files/Pods-FunGif/Pods-FunGif.debug.xcconfig"; sourceTree = "<group>"; };
		EB58767441B63FCC2511C621 /* Pods_FunGifTests.framework */ = {isa = PBXFileReference; explicitFileType = wrapper.framework; includeInIndex = 0; path = Pods_FunGifTests.framework; sourceTree = BUILT_PRODUCTS_DIR; };
		ED37D7FEC071E4F4CE2559A6 /* Pods-FunGif.debug.xcconfig */ = {isa = PBXFileReference; includeInIndex = 1; lastKnownFileType = text.xcconfig; name = "Pods-FunGif.debug.xcconfig"; path = "Pods/Target Support Files/Pods-FunGif/Pods-FunGif.debug.xcconfig"; sourceTree = "<group>"; };
/* End PBXFileReference section */

/* Begin PBXFrameworksBuildPhase section */
		AB2843821DA724E100650ACA /* Frameworks */ = {
			isa = PBXFrameworksBuildPhase;
			buildActionMask = 2147483647;
			files = (
				AB680F391DAFB645001AFA95 /* SystemConfiguration.framework in Frameworks */,
				AB680F371DAFB63D001AFA95 /* libz.tbd in Frameworks */,
				AAC25F671E45AC3D00A87928 /* libWeChatSDK.a in Frameworks */,
				AB680F351DAFB633001AFA95 /* libsqlite3.0.tbd in Frameworks */,
				AB680F331DAFB629001AFA95 /* libc++.tbd in Frameworks */,
				AB680F311DAFB55C001AFA95 /* CoreTelephony.framework in Frameworks */,
				089A5FB0E601FE4A631A05AA /* Pods_FunGif.framework in Frameworks */,
				3E2B0C3127F8EDC98CCFA5B4 /* Pods_FunGif.framework in Frameworks */,
			);
			runOnlyForDeploymentPostprocessing = 0;
		};
		AB2843961DA724E100650ACA /* Frameworks */ = {
			isa = PBXFrameworksBuildPhase;
			buildActionMask = 2147483647;
			files = (
				2C964C6396819326AA159A7D /* Pods_FunGifTests.framework in Frameworks */,
				AE4A6739653D48991D921740 /* Pods_FunGifTests.framework in Frameworks */,
			);
			runOnlyForDeploymentPostprocessing = 0;
		};
		AB2843A11DA724E100650ACA /* Frameworks */ = {
			isa = PBXFrameworksBuildPhase;
			buildActionMask = 2147483647;
			files = (
			);
			runOnlyForDeploymentPostprocessing = 0;
		};
/* End PBXFrameworksBuildPhase section */

/* Begin PBXGroup section */
		0AD4D2B0CB4B97CB970BCD9B /* Pods */ = {
			isa = PBXGroup;
			children = (
				D0C0DC222EF05861DE0497B3 /* Pods-FunGif.debug.xcconfig */,
				5409F9F66354E6FD7DF6E009 /* Pods-FunGif.release.xcconfig */,
				695378BE647C3983DC734D65 /* Pods-FunGifTests.debug.xcconfig */,
				303A48E98F5E8CB8EAD10F3C /* Pods-FunGifTests.release.xcconfig */,
			);
			name = Pods;
			sourceTree = "<group>";
		};
		0C28DD1D2D3A20FBC4F2EE06 /* Frameworks */ = {
			isa = PBXGroup;
			children = (
				AB680F381DAFB645001AFA95 /* SystemConfiguration.framework */,
				AB680F361DAFB63D001AFA95 /* libz.tbd */,
				AB680F341DAFB633001AFA95 /* libsqlite3.0.tbd */,
				AB680F321DAFB629001AFA95 /* libc++.tbd */,
				AB680F301DAFB55C001AFA95 /* CoreTelephony.framework */,
				B775513AF02DB5BFFA2CCADC /* Pods_FunGif.framework */,
				EB58767441B63FCC2511C621 /* Pods_FunGifTests.framework */,
			);
			name = Frameworks;
			path = ..;
			sourceTree = "<group>";
		};
		AAC25F611E45AC3D00A87928 /* OpenSDK1.7.5 */ = {
			isa = PBXGroup;
			children = (
				AAC25F621E45AC3D00A87928 /* libWeChatSDK.a */,
				AAC25F631E45AC3D00A87928 /* README.txt */,
				AAC25F641E45AC3D00A87928 /* WechatAuthSDK.h */,
				AAC25F651E45AC3D00A87928 /* WXApi.h */,
				AAC25F661E45AC3D00A87928 /* WXApiObject.h */,
				AAC25F6A1E45AC6400A87928 /* HeaderBridging.m */,
				AAC25F691E45AC6400A87928 /* FunGif-Bridging-Header.h */,
			);
			path = OpenSDK1.7.5;
			sourceTree = "<group>";
		};
		AAC25F6C1E45C50400A87928 /* 设置页面 */ = {
			isa = PBXGroup;
			children = (
				AAC25F6D1E45C51900A87928 /* SettingViewController.swift */,
			);
			name = "设置页面";
			sourceTree = "<group>";
		};
		AB1E5A8C1DFF82D100135A9F /* gifs */ = {
			isa = PBXGroup;
			children = (
				AB1E5A8D1DFF82D100135A9F /* Actions */,
				AB1E5A8F1DFF82D100135A9F /* Adjectives */,
				AB1E5A911DFF82D100135A9F /* Animals */,
				AB1E5A931DFF82D100135A9F /* Anime */,
				AB1E5A951DFF82D100135A9F /* Art & Design */,
				AB1E5A971DFF82D100135A9F /* Cartoons & Comics */,
				AB1E5A991DFF82D100135A9F /* Celebrities */,
				AB1E5A9B1DFF82D100135A9F /* Decades */,
				AB1E5A9D1DFF82D100135A9F /* Emotions */,
				AB1E5A9F1DFF82D100135A9F /* Fashing & Beauty */,
				AB1E5AA11DFF82D100135A9F /* Food & Drink */,
				AB1E5AA31DFF82D100135A9F /* Gaming */,
				AB1E5AA51DFF82D100135A9F /* Holidays */,
				AB1E5AA71DFF82D100135A9F /* Interests */,
				AB1E5AA91DFF82D100135A9F /* Memes */,
				AB1E5AAB1DFF82D100135A9F /* Movies */,
				AB1E5AAD1DFF82D100135A9F /* Music */,
				AB1E5AAF1DFF82D100135A9F /* Nature */,
				AB1E5AB11DFF82D100135A9F /* News & Politics */,
				AB1E5AB31DFF82D100135A9F /* Reactions */,
				AB1E5AB51DFF82D100135A9F /* Science */,
				AB1E5AB71DFF82D100135A9F /* Sports */,
				AB1E5AB91DFF82D100135A9F /* Transportation */,
				AB1E5ABB1DFF82D100135A9F /* TV */,
			);
			path = gifs;
			sourceTree = "<group>";
		};
		AB1E5A8D1DFF82D100135A9F /* Actions */ = {
			isa = PBXGroup;
			children = (
				AB1E5A8E1DFF82D100135A9F /* laughing.gif */,
			);
			path = Actions;
			sourceTree = "<group>";
		};
		AB1E5A8F1DFF82D100135A9F /* Adjectives */ = {
			isa = PBXGroup;
			children = (
				AB1E5A901DFF82D100135A9F /* blackandwhite.gif */,
			);
			path = Adjectives;
			sourceTree = "<group>";
		};
		AB1E5A911DFF82D100135A9F /* Animals */ = {
			isa = PBXGroup;
			children = (
				AB1E5A921DFF82D100135A9F /* goat.gif */,
			);
			path = Animals;
			sourceTree = "<group>";
		};
		AB1E5A931DFF82D100135A9F /* Anime */ = {
			isa = PBXGroup;
			children = (
				AB1E5A941DFF82D100135A9F /* cowboybebop.gif */,
			);
			path = Anime;
			sourceTree = "<group>";
		};
		AB1E5A951DFF82D100135A9F /* Art & Design */ = {
			isa = PBXGroup;
			children = (
				AB1E5A961DFF82D100135A9F /* typography.gif */,
			);
			path = "Art & Design";
			sourceTree = "<group>";
		};
		AB1E5A971DFF82D100135A9F /* Cartoons & Comics */ = {
			isa = PBXGroup;
			children = (
				AB1E5A981DFF82D100135A9F /* minions.gif */,
			);
			path = "Cartoons & Comics";
			sourceTree = "<group>";
		};
		AB1E5A991DFF82D100135A9F /* Celebrities */ = {
			isa = PBXGroup;
			children = (
				AB1E5A9A1DFF82D100135A9F /* leonardodicaprio.gif */,
			);
			path = Celebrities;
			sourceTree = "<group>";
		};
		AB1E5A9B1DFF82D100135A9F /* Decades */ = {
			isa = PBXGroup;
			children = (
				AB1E5A9C1DFF82D100135A9F /* 80s.gif */,
			);
			path = Decades;
			sourceTree = "<group>";
		};
		AB1E5A9D1DFF82D100135A9F /* Emotions */ = {
			isa = PBXGroup;
			children = (
				AB1E5A9E1DFF82D100135A9F /* bored.gif */,
			);
			path = Emotions;
			sourceTree = "<group>";
		};
		AB1E5A9F1DFF82D100135A9F /* Fashing & Beauty */ = {
			isa = PBXGroup;
			children = (
				AB1E5AA01DFF82D100135A9F /* dior.gif */,
			);
			path = "Fashing & Beauty";
			sourceTree = "<group>";
		};
		AB1E5AA11DFF82D100135A9F /* Food & Drink */ = {
			isa = PBXGroup;
			children = (
				AB1E5AA21DFF82D100135A9F /* pizza.gif */,
			);
			path = "Food & Drink";
			sourceTree = "<group>";
		};
		AB1E5AA31DFF82D100135A9F /* Gaming */ = {
			isa = PBXGroup;
			children = (
				AB1E5AA41DFF82D100135A9F /* gameboy.gif */,
			);
			path = Gaming;
			sourceTree = "<group>";
		};
		AB1E5AA51DFF82D100135A9F /* Holidays */ = {
			isa = PBXGroup;
			children = (
				AB1E5AA61DFF82D100135A9F /* chrismas.gif */,
			);
			path = Holidays;
			sourceTree = "<group>";
		};
		AB1E5AA71DFF82D100135A9F /* Interests */ = {
			isa = PBXGroup;
			children = (
				AB1E5AA81DFF82D100135A9F /* iphone.gif */,
			);
			path = Interests;
			sourceTree = "<group>";
		};
		AB1E5AA91DFF82D100135A9F /* Memes */ = {
			isa = PBXGroup;
			children = (
				AB1E5AAA1DFF82D100135A9F /* letmeloveyou.gif */,
			);
			path = Memes;
			sourceTree = "<group>";
		};
		AB1E5AAB1DFF82D100135A9F /* Movies */ = {
			isa = PBXGroup;
			children = (
				AB1E5AAC1DFF82D100135A9F /* thehungergames.gif */,
			);
			path = Movies;
			sourceTree = "<group>";
		};
		AB1E5AAD1DFF82D100135A9F /* Music */ = {
			isa = PBXGroup;
			children = (
				AB1E5AAE1DFF82D100135A9F /* rihanna.gif */,
			);
			path = Music;
			sourceTree = "<group>";
		};
		AB1E5AAF1DFF82D100135A9F /* Nature */ = {
			isa = PBXGroup;
			children = (
				AB1E5AB01DFF82D100135A9F /* clouds.gif */,
			);
			path = Nature;
			sourceTree = "<group>";
		};
		AB1E5AB11DFF82D100135A9F /* News & Politics */ = {
			isa = PBXGroup;
			children = (
				AB1E5AB21DFF82D100135A9F /* hillaryclinton.gif */,
			);
			path = "News & Politics";
			sourceTree = "<group>";
		};
		AB1E5AB31DFF82D100135A9F /* Reactions */ = {
			isa = PBXGroup;
			children = (
				AB1E5AB41DFF82D100135A9F /* lol.gif */,
			);
			path = Reactions;
			sourceTree = "<group>";
		};
		AB1E5AB51DFF82D100135A9F /* Science */ = {
			isa = PBXGroup;
			children = (
				AB1E5AB61DFF82D100135A9F /* nasa.gif */,
			);
			path = Science;
			sourceTree = "<group>";
		};
		AB1E5AB71DFF82D100135A9F /* Sports */ = {
			isa = PBXGroup;
			children = (
				AB1E5AB81DFF82D100135A9F /* basketball.gif */,
			);
			path = Sports;
			sourceTree = "<group>";
		};
		AB1E5AB91DFF82D100135A9F /* Transportation */ = {
			isa = PBXGroup;
			children = (
				AB1E5ABA1DFF82D100135A9F /* bmw.gif */,
			);
			path = Transportation;
			sourceTree = "<group>";
		};
		AB1E5ABB1DFF82D100135A9F /* TV */ = {
			isa = PBXGroup;
			children = (
				AB1E5ABC1DFF82D100135A9F /* gameofthrones.gif */,
			);
			path = TV;
			sourceTree = "<group>";
		};
		AB28437C1DA724E100650ACA = {
			isa = PBXGroup;
			children = (
				AB2843871DA724E100650ACA /* FunGif */,
				ABD5A1921DFD4E6E0078DCE6 /* Test */,
				ABD5A1931DFD4E810078DCE6 /* Others */,
				0AD4D2B0CB4B97CB970BCD9B /* Pods */,
				C6035EA59D58A332387E088E /* Frameworks */,
			);
			sourceTree = "<group>";
		};
		AB2843861DA724E100650ACA /* Products */ = {
			isa = PBXGroup;
			children = (
				AB2843851DA724E100650ACA /* FunGif.app */,
				AB2843991DA724E100650ACA /* FunGifTests.xctest */,
				AB2843A41DA724E100650ACA /* FunGifUITests.xctest */,
			);
			name = Products;
			path = ..;
			sourceTree = "<group>";
		};
		AB2843871DA724E100650ACA /* FunGif */ = {
			isa = PBXGroup;
			children = (
				AB2843881DA724E100650ACA /* AppDelegate.swift */,
				ABE045111E0A9DC100FCF4B4 /* GIFModal */,
				ABA3A7A61E0801E400CAB1CF /* 左滑菜单 */,
				ABA3A7A51E0801A800CAB1CF /* 分类页面 */,
				ABA3A7A71E08049400CAB1CF /* 主页面 */,
				AB71A8DE1E0B77C400C8D9E8 /* 搜索页面 */,
				AAC25F6C1E45C50400A87928 /* 设置页面 */,
				AB5817041DFE1AC500C3D4B6 /* CollectionViewDataSource */,
				ABE045141E0AA05D00FCF4B4 /* Network */,
				AB28438C1DA724E100650ACA /* Main.storyboard */,
				AB2843911DA724E100650ACA /* LaunchScreen.storyboard */,
				AB6EEA031DA72D52004B1241 /* Resources */,
			);
			path = FunGif;
			sourceTree = "<group>";
		};
		AB28439C1DA724E100650ACA /* FunGifTests */ = {
			isa = PBXGroup;
			children = (
				AB28439D1DA724E100650ACA /* FunGifTests.swift */,
				AB28439F1DA724E100650ACA /* Info.plist */,
			);
			path = FunGifTests;
			sourceTree = SOURCE_ROOT;
		};
		AB2843A71DA724E100650ACA /* FunGifUITests */ = {
			isa = PBXGroup;
			children = (
				AB2843A81DA724E100650ACA /* FunGifUITests.swift */,
				AB2843AA1DA724E100650ACA /* Info.plist */,
			);
			path = FunGifUITests;
			sourceTree = SOURCE_ROOT;
		};
		AB5817041DFE1AC500C3D4B6 /* CollectionViewDataSource */ = {
			isa = PBXGroup;
			children = (
				AB5817051DFE1AE400C3D4B6 /* CustomDataSource.swift */,
			);
			name = CollectionViewDataSource;
			sourceTree = "<group>";
		};
		AB6EEA031DA72D52004B1241 /* Resources */ = {
			isa = PBXGroup;
			children = (
				ABF92EDD1DFD749500700D50 /* PublicVariable.swift */,
				AB2843941DA724E100650ACA /* Info.plist */,
				AB28438F1DA724E100650ACA /* Assets.xcassets */,
				ABA58EC11DFECF4000F0FFF2 /* Categories.plist */,
				AB1E5A8C1DFF82D100135A9F /* gifs */,
				ABF92ED31DFD730400700D50 /* ThirdParty-Drawer */,
			);
			name = Resources;
			sourceTree = "<group>";
		};
		AB71A8DE1E0B77C400C8D9E8 /* 搜索页面 */ = {
			isa = PBXGroup;
			children = (
				AB71A8DF1E0B77D500C8D9E8 /* SearchViewController.swift */,
			);
			name = "搜索页面";
			sourceTree = "<group>";
		};
		AB777D511E0B9AD80050FE52 /* Controller */ = {
			isa = PBXGroup;
			children = (
				AB2184B31DFD9D4400F2C374 /* MenuTableViewController.swift */,
			);
			name = Controller;
			sourceTree = "<group>";
		};
		AB777D521E0B9ADD0050FE52 /* View */ = {
			isa = PBXGroup;
			children = (
				AB5817011DFE0D4200C3D4B6 /* MenuCell.swift */,
			);
			name = View;
			sourceTree = "<group>";
		};
		AB777D531E0B9AF70050FE52 /* Controller */ = {
			isa = PBXGroup;
			children = (
				ABA3A7A81E0804B100CAB1CF /* MainPage.swift */,
			);
			name = Controller;
			sourceTree = "<group>";
		};
		AB777D541E0B9AFC0050FE52 /* View */ = {
			isa = PBXGroup;
			children = (
				AB777D551E0B9B040050FE52 /* Layout */,
				AB2F66541E0AC4A300430E80 /* GifCell.swift */,
			);
			name = View;
			sourceTree = "<group>";
		};
		AB777D551E0B9B040050FE52 /* Layout */ = {
			isa = PBXGroup;
			children = (
				ABA3A7AC1E08061800CAB1CF /* WaterFallLayout.swift */,
			);
			name = Layout;
			sourceTree = "<group>";
		};
		ABA3A7A51E0801A800CAB1CF /* 分类页面 */ = {
			isa = PBXGroup;
			children = (
				ABA58EA21DFEB93800F0FFF2 /* CategoryVC */,
				ABA58EA11DFEB91C00F0FFF2 /* SubCategoryView */,
			);
			name = "分类页面";
			sourceTree = "<group>";
		};
		ABA3A7A61E0801E400CAB1CF /* 左滑菜单 */ = {
			isa = PBXGroup;
			children = (
				AB777D521E0B9ADD0050FE52 /* View */,
				AB777D511E0B9AD80050FE52 /* Controller */,
			);
			name = "左滑菜单";
			sourceTree = "<group>";
		};
		ABA3A7A71E08049400CAB1CF /* 主页面 */ = {
			isa = PBXGroup;
			children = (
				AB777D541E0B9AFC0050FE52 /* View */,
				AB777D531E0B9AF70050FE52 /* Controller */,
			);
			name = "主页面";
			sourceTree = "<group>";
		};
		ABA58EA11DFEB91C00F0FFF2 /* SubCategoryView */ = {
			isa = PBXGroup;
			children = (
				AB58170B1DFE4B0500C3D4B6 /* CustomSliderView.swift */,
			);
			name = SubCategoryView;
			sourceTree = "<group>";
		};
		ABA58EA21DFEB93800F0FFF2 /* CategoryVC */ = {
			isa = PBXGroup;
			children = (
				ABF941E41DFD4F9F009BFE8A /* CategoryViewController.swift */,
			);
			name = CategoryVC;
			sourceTree = "<group>";
		};
		ABD5A1921DFD4E6E0078DCE6 /* Test */ = {
			isa = PBXGroup;
			children = (
				AB28439C1DA724E100650ACA /* FunGifTests */,
				AB2843A71DA724E100650ACA /* FunGifUITests */,
			);
			name = Test;
			path = FunGif;
			sourceTree = "<group>";
		};
		ABD5A1931DFD4E810078DCE6 /* Others */ = {
			isa = PBXGroup;
			children = (
				AAC25F611E45AC3D00A87928 /* OpenSDK1.7.5 */,
				AB2843861DA724E100650ACA /* Products */,
				ED8BD0AE229F37B29D1C2EB7 /* Pods */,
				0C28DD1D2D3A20FBC4F2EE06 /* Frameworks */,
			);
			name = Others;
			path = FunGif;
			sourceTree = "<group>";
		};
		ABE045111E0A9DC100FCF4B4 /* GIFModal */ = {
			isa = PBXGroup;
			children = (
				ABE045121E0A9DCF00FCF4B4 /* Gif.swift */,
				ABE045151E0AA07700FCF4B4 /* Decodable.swift */,
			);
			name = GIFModal;
			sourceTree = "<group>";
		};
		ABE045141E0AA05D00FCF4B4 /* Network */ = {
			isa = PBXGroup;
			children = (
				ABE045171E0AA0F900FCF4B4 /* Request.swift */,
				ABE0451B1E0AA18F00FCF4B4 /* Client.swift */,
				ABE0451D1E0AA24200FCF4B4 /* GifClient.swift */,
				ABE045191E0AA14000FCF4B4 /* GifRequest.swift */,
			);
			name = Network;
			sourceTree = "<group>";
		};
		ABF92ED31DFD730400700D50 /* ThirdParty-Drawer */ = {
			isa = PBXGroup;
			children = (
				ABF92ED41DFD731300700D50 /* KGDrawerAnimating.swift */,
				ABF92ED51DFD731300700D50 /* KGDrawerSpringAnimator.swift */,
				ABF92ED61DFD731300700D50 /* KGDrawerView.swift */,
				ABF92ED71DFD731300700D50 /* KGDrawerViewController.swift */,
			);
			name = "ThirdParty-Drawer";
			sourceTree = "<group>";
		};
		C6035EA59D58A332387E088E /* Frameworks */ = {
			isa = PBXGroup;
			children = (
				039550745495A4F31BDDA2C2 /* Pods_FunGif.framework */,
				7A73A8633815FFC61E110AE0 /* Pods_FunGifTests.framework */,
			);
			name = Frameworks;
			sourceTree = "<group>";
		};
		ED8BD0AE229F37B29D1C2EB7 /* Pods */ = {
			isa = PBXGroup;
			children = (
				ED37D7FEC071E4F4CE2559A6 /* Pods-FunGif.debug.xcconfig */,
				CE116B134E3CB74695325C17 /* Pods-FunGif.release.xcconfig */,
				06D33386BE16423C1D93049D /* Pods-FunGifTests.debug.xcconfig */,
				C85AEC3F7AB9B8539EF0F2CA /* Pods-FunGifTests.release.xcconfig */,
			);
			name = Pods;
			path = ..;
			sourceTree = "<group>";
		};
/* End PBXGroup section */

/* Begin PBXNativeTarget section */
		AB2843841DA724E100650ACA /* FunGif */ = {
			isa = PBXNativeTarget;
			buildConfigurationList = AB2843AD1DA724E100650ACA /* Build configuration list for PBXNativeTarget "FunGif" */;
			buildPhases = (
				CEEAE1498FF353E21E52690D /* [CP] Check Pods Manifest.lock */,
				AB2843811DA724E100650ACA /* Sources */,
				AB2843821DA724E100650ACA /* Frameworks */,
				AB2843831DA724E100650ACA /* Resources */,
				78FDB6F4B50533FDA6D141E8 /* [CP] Embed Pods Frameworks */,
				36E95DFF3117C87157215A40 /* [CP] Copy Pods Resources */,
			);
			buildRules = (
			);
			dependencies = (
			);
			name = FunGif;
			productName = FunGif;
			productReference = AB2843851DA724E100650ACA /* FunGif.app */;
			productType = "com.apple.product-type.application";
		};
		AB2843981DA724E100650ACA /* FunGifTests */ = {
			isa = PBXNativeTarget;
			buildConfigurationList = AB2843B01DA724E100650ACA /* Build configuration list for PBXNativeTarget "FunGifTests" */;
			buildPhases = (
				6EBBF17F2FDA13E5A8D9D0EB /* [CP] Check Pods Manifest.lock */,
				AB2843951DA724E100650ACA /* Sources */,
				AB2843961DA724E100650ACA /* Frameworks */,
				AB2843971DA724E100650ACA /* Resources */,
				826A943396AB0D9F253A12B0 /* [CP] Embed Pods Frameworks */,
				22BD11B19BED3D02F1FE5D5D /* [CP] Copy Pods Resources */,
			);
			buildRules = (
			);
			dependencies = (
				AB28439B1DA724E100650ACA /* PBXTargetDependency */,
			);
			name = FunGifTests;
			productName = FunGifTests;
			productReference = AB2843991DA724E100650ACA /* FunGifTests.xctest */;
			productType = "com.apple.product-type.bundle.unit-test";
		};
		AB2843A31DA724E100650ACA /* FunGifUITests */ = {
			isa = PBXNativeTarget;
			buildConfigurationList = AB2843B31DA724E100650ACA /* Build configuration list for PBXNativeTarget "FunGifUITests" */;
			buildPhases = (
				AB2843A01DA724E100650ACA /* Sources */,
				AB2843A11DA724E100650ACA /* Frameworks */,
				AB2843A21DA724E100650ACA /* Resources */,
			);
			buildRules = (
			);
			dependencies = (
				AB2843A61DA724E100650ACA /* PBXTargetDependency */,
			);
			name = FunGifUITests;
			productName = FunGifUITests;
			productReference = AB2843A41DA724E100650ACA /* FunGifUITests.xctest */;
			productType = "com.apple.product-type.bundle.ui-testing";
		};
/* End PBXNativeTarget section */

/* Begin PBXProject section */
		AB28437D1DA724E100650ACA /* Project object */ = {
			isa = PBXProject;
			attributes = {
				LastSwiftUpdateCheck = 0800;
				LastUpgradeCheck = 0820;
				ORGANIZATIONNAME = "Marshall Yang";
				TargetAttributes = {
					AB2843841DA724E100650ACA = {
						CreatedOnToolsVersion = 8.0;
						DevelopmentTeam = WK6WD64FDN;
						LastSwiftMigration = 0820;
						ProvisioningStyle = Automatic;
					};
					AB2843981DA724E100650ACA = {
						CreatedOnToolsVersion = 8.0;
						DevelopmentTeam = WK6WD64FDN;
						LastSwiftMigration = 0800;
						ProvisioningStyle = Automatic;
						TestTargetID = AB2843841DA724E100650ACA;
					};
					AB2843A31DA724E100650ACA = {
						CreatedOnToolsVersion = 8.0;
						DevelopmentTeam = WK6WD64FDN;
						LastSwiftMigration = 0800;
						ProvisioningStyle = Automatic;
						TestTargetID = AB2843841DA724E100650ACA;
					};
				};
			};
			buildConfigurationList = AB2843801DA724E100650ACA /* Build configuration list for PBXProject "FunGif" */;
			compatibilityVersion = "Xcode 3.2";
			developmentRegion = English;
			hasScannedForEncodings = 0;
			knownRegions = (
				en,
				Base,
			);
			mainGroup = AB28437C1DA724E100650ACA;
			productRefGroup = AB2843861DA724E100650ACA /* Products */;
			projectDirPath = "";
			projectRoot = "";
			targets = (
				AB2843841DA724E100650ACA /* FunGif */,
				AB2843981DA724E100650ACA /* FunGifTests */,
				AB2843A31DA724E100650ACA /* FunGifUITests */,
			);
		};
/* End PBXProject section */

/* Begin PBXResourcesBuildPhase section */
		AB2843831DA724E100650ACA /* Resources */ = {
			isa = PBXResourcesBuildPhase;
			buildActionMask = 2147483647;
			files = (
				AB1E5ABD1DFF82D100135A9F /* laughing.gif in Resources */,
				AB2843931DA724E100650ACA /* LaunchScreen.storyboard in Resources */,
				AB1E5AD11DFF82D100135A9F /* nasa.gif in Resources */,
				AB1E5ACE1DFF82D100135A9F /* clouds.gif in Resources */,
				AB1E5ABE1DFF82D100135A9F /* blackandwhite.gif in Resources */,
				AB1E5ACF1DFF82D100135A9F /* hillaryclinton.gif in Resources */,
				AB1E5AC81DFF82D100135A9F /* gameboy.gif in Resources */,
				AB1E5AD21DFF82D100135A9F /* basketball.gif in Resources */,
				AB2843901DA724E100650ACA /* Assets.xcassets in Resources */,
				AB28438E1DA724E100650ACA /* Main.storyboard in Resources */,
				ABA58EC21DFECF4000F0FFF2 /* Categories.plist in Resources */,
				AB1E5AD41DFF82D100135A9F /* gameofthrones.gif in Resources */,
				AAC25F681E45AC3D00A87928 /* README.txt in Resources */,
				AB1E5ACD1DFF82D100135A9F /* rihanna.gif in Resources */,
				AB1E5AC41DFF82D100135A9F /* 80s.gif in Resources */,
				AB1E5AC21DFF82D100135A9F /* minions.gif in Resources */,
				AB1E5ACA1DFF82D100135A9F /* iphone.gif in Resources */,
				AB1E5ACB1DFF82D100135A9F /* letmeloveyou.gif in Resources */,
				AB1E5AC51DFF82D100135A9F /* bored.gif in Resources */,
				AB1E5AC11DFF82D100135A9F /* typography.gif in Resources */,
				AB1E5AD31DFF82D100135A9F /* bmw.gif in Resources */,
				AB1E5ACC1DFF82D100135A9F /* thehungergames.gif in Resources */,
				AB1E5AC91DFF82D100135A9F /* chrismas.gif in Resources */,
				AB1E5AD01DFF82D100135A9F /* lol.gif in Resources */,
				AB1E5AC01DFF82D100135A9F /* cowboybebop.gif in Resources */,
				AB1E5AC31DFF82D100135A9F /* leonardodicaprio.gif in Resources */,
				AB1E5AC61DFF82D100135A9F /* dior.gif in Resources */,
				AB1E5ABF1DFF82D100135A9F /* goat.gif in Resources */,
				AB1E5AC71DFF82D100135A9F /* pizza.gif in Resources */,
			);
			runOnlyForDeploymentPostprocessing = 0;
		};
		AB2843971DA724E100650ACA /* Resources */ = {
			isa = PBXResourcesBuildPhase;
			buildActionMask = 2147483647;
			files = (
				ABA58EC31DFED6EC00F0FFF2 /* Categories.plist in Resources */,
			);
			runOnlyForDeploymentPostprocessing = 0;
		};
		AB2843A21DA724E100650ACA /* Resources */ = {
			isa = PBXResourcesBuildPhase;
			buildActionMask = 2147483647;
			files = (
			);
			runOnlyForDeploymentPostprocessing = 0;
		};
/* End PBXResourcesBuildPhase section */

/* Begin PBXShellScriptBuildPhase section */
		22BD11B19BED3D02F1FE5D5D /* [CP] Copy Pods Resources */ = {
			isa = PBXShellScriptBuildPhase;
			buildActionMask = 2147483647;
			files = (
			);
			inputPaths = (
			);
			name = "[CP] Copy Pods Resources";
			outputPaths = (
			);
			runOnlyForDeploymentPostprocessing = 0;
			shellPath = /bin/sh;
			shellScript = "\"${SRCROOT}/Pods/Target Support Files/Pods-FunGifTests/Pods-FunGifTests-resources.sh\"\n";
			showEnvVarsInLog = 0;
		};
		36E95DFF3117C87157215A40 /* [CP] Copy Pods Resources */ = {
			isa = PBXShellScriptBuildPhase;
			buildActionMask = 2147483647;
			files = (
			);
			inputPaths = (
			);
			name = "[CP] Copy Pods Resources";
			outputPaths = (
			);
			runOnlyForDeploymentPostprocessing = 0;
			shellPath = /bin/sh;
			shellScript = "\"${SRCROOT}/Pods/Target Support Files/Pods-FunGif/Pods-FunGif-resources.sh\"\n";
			showEnvVarsInLog = 0;
		};
		6EBBF17F2FDA13E5A8D9D0EB /* [CP] Check Pods Manifest.lock */ = {
			isa = PBXShellScriptBuildPhase;
			buildActionMask = 2147483647;
			files = (
			);
			inputPaths = (
			);
			name = "[CP] Check Pods Manifest.lock";
			outputPaths = (
			);
			runOnlyForDeploymentPostprocessing = 0;
			shellPath = /bin/sh;
			shellScript = "diff \"${PODS_ROOT}/../Podfile.lock\" \"${PODS_ROOT}/Manifest.lock\" > /dev/null\nif [ $? != 0 ] ; then\n    # print error to STDERR\n    echo \"error: The sandbox is not in sync with the Podfile.lock. Run 'pod install' or update your CocoaPods installation.\" >&2\n    exit 1\nfi\n";
			showEnvVarsInLog = 0;
		};
		78FDB6F4B50533FDA6D141E8 /* [CP] Embed Pods Frameworks */ = {
			isa = PBXShellScriptBuildPhase;
			buildActionMask = 2147483647;
			files = (
			);
			inputPaths = (
			);
			name = "[CP] Embed Pods Frameworks";
			outputPaths = (
			);
			runOnlyForDeploymentPostprocessing = 0;
			shellPath = /bin/sh;
			shellScript = "\"${SRCROOT}/Pods/Target Support Files/Pods-FunGif/Pods-FunGif-frameworks.sh\"\n";
			showEnvVarsInLog = 0;
		};
		826A943396AB0D9F253A12B0 /* [CP] Embed Pods Frameworks */ = {
			isa = PBXShellScriptBuildPhase;
			buildActionMask = 2147483647;
			files = (
			);
			inputPaths = (
			);
			name = "[CP] Embed Pods Frameworks";
			outputPaths = (
			);
			runOnlyForDeploymentPostprocessing = 0;
			shellPath = /bin/sh;
			shellScript = "\"${SRCROOT}/Pods/Target Support Files/Pods-FunGifTests/Pods-FunGifTests-frameworks.sh\"\n";
			showEnvVarsInLog = 0;
		};
		CEEAE1498FF353E21E52690D /* [CP] Check Pods Manifest.lock */ = {
			isa = PBXShellScriptBuildPhase;
			buildActionMask = 2147483647;
			files = (
			);
			inputPaths = (
			);
			name = "[CP] Check Pods Manifest.lock";
			outputPaths = (
			);
			runOnlyForDeploymentPostprocessing = 0;
			shellPath = /bin/sh;
			shellScript = "diff \"${PODS_ROOT}/../Podfile.lock\" \"${PODS_ROOT}/Manifest.lock\" > /dev/null\nif [ $? != 0 ] ; then\n    # print error to STDERR\n    echo \"error: The sandbox is not in sync with the Podfile.lock. Run 'pod install' or update your CocoaPods installation.\" >&2\n    exit 1\nfi\n";
			showEnvVarsInLog = 0;
		};
/* End PBXShellScriptBuildPhase section */

/* Begin PBXSourcesBuildPhase section */
		AB2843811DA724E100650ACA /* Sources */ = {
			isa = PBXSourcesBuildPhase;
			buildActionMask = 2147483647;
			files = (
				ABF92EDE1DFD749500700D50 /* PublicVariable.swift in Sources */,
				ABE045181E0AA0F900FCF4B4 /* Request.swift in Sources */,
				AB2F66551E0AC4A300430E80 /* GifCell.swift in Sources */,
				ABF92ED91DFD731300700D50 /* KGDrawerSpringAnimator.swift in Sources */,
				AAC25F6B1E45AC6400A87928 /* HeaderBridging.m in Sources */,
				ABE0451E1E0AA24200FCF4B4 /* GifClient.swift in Sources */,
				ABA3A7AD1E08061800CAB1CF /* WaterFallLayout.swift in Sources */,
				ABE045161E0AA07700FCF4B4 /* Decodable.swift in Sources */,
				ABF92ED81DFD731300700D50 /* KGDrawerAnimating.swift in Sources */,
				ABF92EDA1DFD731300700D50 /* KGDrawerView.swift in Sources */,
				ABF941E51DFD4F9F009BFE8A /* CategoryViewController.swift in Sources */,
				ABE0451C1E0AA18F00FCF4B4 /* Client.swift in Sources */,
				ABE0451A1E0AA14000FCF4B4 /* GifRequest.swift in Sources */,
				AB58170C1DFE4B0500C3D4B6 /* CustomSliderView.swift in Sources */,
				AB2184B41DFD9D4400F2C374 /* MenuTableViewController.swift in Sources */,
				AB5817021DFE0D4200C3D4B6 /* MenuCell.swift in Sources */,
				AB71A8E01E0B77D500C8D9E8 /* SearchViewController.swift in Sources */,
				AB2843891DA724E100650ACA /* AppDelegate.swift in Sources */,
				AAC25F6E1E45C51900A87928 /* SettingViewController.swift in Sources */,
				ABF92EDB1DFD731300700D50 /* KGDrawerViewController.swift in Sources */,
				AB5817061DFE1AE400C3D4B6 /* CustomDataSource.swift in Sources */,
				ABE045131E0A9DCF00FCF4B4 /* Gif.swift in Sources */,
				ABA3A7A91E0804B100CAB1CF /* MainPage.swift in Sources */,
			);
			runOnlyForDeploymentPostprocessing = 0;
		};
		AB2843951DA724E100650ACA /* Sources */ = {
			isa = PBXSourcesBuildPhase;
			buildActionMask = 2147483647;
			files = (
				AB28439E1DA724E100650ACA /* FunGifTests.swift in Sources */,
			);
			runOnlyForDeploymentPostprocessing = 0;
		};
		AB2843A01DA724E100650ACA /* Sources */ = {
			isa = PBXSourcesBuildPhase;
			buildActionMask = 2147483647;
			files = (
				AB2843A91DA724E100650ACA /* FunGifUITests.swift in Sources */,
			);
			runOnlyForDeploymentPostprocessing = 0;
		};
/* End PBXSourcesBuildPhase section */

/* Begin PBXTargetDependency section */
		AB28439B1DA724E100650ACA /* PBXTargetDependency */ = {
			isa = PBXTargetDependency;
			target = AB2843841DA724E100650ACA /* FunGif */;
			targetProxy = AB28439A1DA724E100650ACA /* PBXContainerItemProxy */;
		};
		AB2843A61DA724E100650ACA /* PBXTargetDependency */ = {
			isa = PBXTargetDependency;
			target = AB2843841DA724E100650ACA /* FunGif */;
			targetProxy = AB2843A51DA724E100650ACA /* PBXContainerItemProxy */;
		};
/* End PBXTargetDependency section */

/* Begin PBXVariantGroup section */
		AB28438C1DA724E100650ACA /* Main.storyboard */ = {
			isa = PBXVariantGroup;
			children = (
				AB28438D1DA724E100650ACA /* Base */,
			);
			name = Main.storyboard;
			sourceTree = "<group>";
		};
		AB2843911DA724E100650ACA /* LaunchScreen.storyboard */ = {
			isa = PBXVariantGroup;
			children = (
				AB2843921DA724E100650ACA /* Base */,
			);
			name = LaunchScreen.storyboard;
			sourceTree = "<group>";
		};
/* End PBXVariantGroup section */

/* Begin XCBuildConfiguration section */
		AB2843AB1DA724E100650ACA /* Debug */ = {
			isa = XCBuildConfiguration;
			buildSettings = {
				ALWAYS_SEARCH_USER_PATHS = NO;
				CLANG_ANALYZER_LOCALIZABILITY_NONLOCALIZED = YES;
				CLANG_ANALYZER_NONNULL = YES;
				CLANG_CXX_LANGUAGE_STANDARD = "gnu++0x";
				CLANG_CXX_LIBRARY = "libc++";
				CLANG_ENABLE_MODULES = YES;
				CLANG_ENABLE_OBJC_ARC = YES;
				CLANG_WARN_BOOL_CONVERSION = YES;
				CLANG_WARN_CONSTANT_CONVERSION = YES;
				CLANG_WARN_DIRECT_OBJC_ISA_USAGE = YES_ERROR;
				CLANG_WARN_DOCUMENTATION_COMMENTS = YES;
				CLANG_WARN_EMPTY_BODY = YES;
				CLANG_WARN_ENUM_CONVERSION = YES;
				CLANG_WARN_INFINITE_RECURSION = YES;
				CLANG_WARN_INT_CONVERSION = YES;
				CLANG_WARN_OBJC_ROOT_CLASS = YES_ERROR;
				CLANG_WARN_SUSPICIOUS_MOVE = YES;
				CLANG_WARN_SUSPICIOUS_MOVES = YES;
				CLANG_WARN_UNREACHABLE_CODE = YES;
				CLANG_WARN__DUPLICATE_METHOD_MATCH = YES;
				"CODE_SIGN_IDENTITY[sdk=iphoneos*]" = "iPhone Developer";
				COPY_PHASE_STRIP = NO;
				DEBUG_INFORMATION_FORMAT = dwarf;
				ENABLE_STRICT_OBJC_MSGSEND = YES;
				ENABLE_TESTABILITY = YES;
				GCC_C_LANGUAGE_STANDARD = gnu99;
				GCC_DYNAMIC_NO_PIC = NO;
				GCC_NO_COMMON_BLOCKS = YES;
				GCC_OPTIMIZATION_LEVEL = 0;
				GCC_PREPROCESSOR_DEFINITIONS = (
					"DEBUG=1",
					"$(inherited)",
				);
				GCC_WARN_64_TO_32_BIT_CONVERSION = YES;
				GCC_WARN_ABOUT_RETURN_TYPE = YES_ERROR;
				GCC_WARN_UNDECLARED_SELECTOR = YES;
				GCC_WARN_UNINITIALIZED_AUTOS = YES_AGGRESSIVE;
				GCC_WARN_UNUSED_FUNCTION = YES;
				GCC_WARN_UNUSED_VARIABLE = YES;
				IPHONEOS_DEPLOYMENT_TARGET = 10.0;
				MTL_ENABLE_DEBUG_INFO = YES;
				ONLY_ACTIVE_ARCH = YES;
				OTHER_LDFLAGS = (
					"-Objc",
					"-all_load",
				);
				SDKROOT = iphoneos;
				SWIFT_ACTIVE_COMPILATION_CONDITIONS = DEBUG;
				SWIFT_OPTIMIZATION_LEVEL = "-Onone";
			};
			name = Debug;
		};
		AB2843AC1DA724E100650ACA /* Release */ = {
			isa = XCBuildConfiguration;
			buildSettings = {
				ALWAYS_SEARCH_USER_PATHS = NO;
				CLANG_ANALYZER_LOCALIZABILITY_NONLOCALIZED = YES;
				CLANG_ANALYZER_NONNULL = YES;
				CLANG_CXX_LANGUAGE_STANDARD = "gnu++0x";
				CLANG_CXX_LIBRARY = "libc++";
				CLANG_ENABLE_MODULES = YES;
				CLANG_ENABLE_OBJC_ARC = YES;
				CLANG_WARN_BOOL_CONVERSION = YES;
				CLANG_WARN_CONSTANT_CONVERSION = YES;
				CLANG_WARN_DIRECT_OBJC_ISA_USAGE = YES_ERROR;
				CLANG_WARN_DOCUMENTATION_COMMENTS = YES;
				CLANG_WARN_EMPTY_BODY = YES;
				CLANG_WARN_ENUM_CONVERSION = YES;
				CLANG_WARN_INFINITE_RECURSION = YES;
				CLANG_WARN_INT_CONVERSION = YES;
				CLANG_WARN_OBJC_ROOT_CLASS = YES_ERROR;
				CLANG_WARN_SUSPICIOUS_MOVE = YES;
				CLANG_WARN_SUSPICIOUS_MOVES = YES;
				CLANG_WARN_UNREACHABLE_CODE = YES;
				CLANG_WARN__DUPLICATE_METHOD_MATCH = YES;
				"CODE_SIGN_IDENTITY[sdk=iphoneos*]" = "iPhone Developer";
				COPY_PHASE_STRIP = NO;
				DEBUG_INFORMATION_FORMAT = "dwarf-with-dsym";
				ENABLE_NS_ASSERTIONS = NO;
				ENABLE_STRICT_OBJC_MSGSEND = YES;
				GCC_C_LANGUAGE_STANDARD = gnu99;
				GCC_NO_COMMON_BLOCKS = YES;
				GCC_WARN_64_TO_32_BIT_CONVERSION = YES;
				GCC_WARN_ABOUT_RETURN_TYPE = YES_ERROR;
				GCC_WARN_UNDECLARED_SELECTOR = YES;
				GCC_WARN_UNINITIALIZED_AUTOS = YES_AGGRESSIVE;
				GCC_WARN_UNUSED_FUNCTION = YES;
				GCC_WARN_UNUSED_VARIABLE = YES;
				IPHONEOS_DEPLOYMENT_TARGET = 10.0;
				MTL_ENABLE_DEBUG_INFO = NO;
				OTHER_LDFLAGS = (
					"-Objc",
					"-all_load",
				);
				SDKROOT = iphoneos;
				SWIFT_OPTIMIZATION_LEVEL = "-Owholemodule";
				VALIDATE_PRODUCT = YES;
			};
			name = Release;
		};
		AB2843AE1DA724E100650ACA /* Debug */ = {
			isa = XCBuildConfiguration;
			baseConfigurationReference = ED37D7FEC071E4F4CE2559A6 /* Pods-FunGif.debug.xcconfig */;
			buildSettings = {
				ALWAYS_EMBED_SWIFT_STANDARD_LIBRARIES = YES;
				ASSETCATALOG_COMPILER_APPICON_NAME = AppIcon;
				CLANG_ENABLE_MODULES = YES;
				DEVELOPMENT_TEAM = WK6WD64FDN;
				INFOPLIST_FILE = FunGif/Info.plist;
				IPHONEOS_DEPLOYMENT_TARGET = 10.0;
				LD_RUNPATH_SEARCH_PATHS = "$(inherited) @executable_path/Frameworks";
				LIBRARY_SEARCH_PATHS = (
					"$(inherited)",
					"$(PROJECT_DIR)/FunGif",
					"$(PROJECT_DIR)/FunGif/OpenSDK1.7.5",
				);
				OTHER_LDFLAGS = "$(inherited)";
				PODS_ROOT = "$(inherited)";
				PRODUCT_BUNDLE_IDENTIFIER = com.richy.FunGif;
				PRODUCT_NAME = "$(TARGET_NAME)";
				SWIFT_OBJC_BRIDGING_HEADER = "FunGif/OpenSDK1.7.5/FunGif-Bridging-Header.h";
				SWIFT_OPTIMIZATION_LEVEL = "-Onone";
				SWIFT_VERSION = 3.0;
			};
			name = Debug;
		};
		AB2843AF1DA724E100650ACA /* Release */ = {
			isa = XCBuildConfiguration;
			baseConfigurationReference = CE116B134E3CB74695325C17 /* Pods-FunGif.release.xcconfig */;
			buildSettings = {
				ALWAYS_EMBED_SWIFT_STANDARD_LIBRARIES = YES;
				ASSETCATALOG_COMPILER_APPICON_NAME = AppIcon;
				CLANG_ENABLE_MODULES = YES;
				DEVELOPMENT_TEAM = WK6WD64FDN;
				INFOPLIST_FILE = FunGif/Info.plist;
				IPHONEOS_DEPLOYMENT_TARGET = 10.0;
				LD_RUNPATH_SEARCH_PATHS = "$(inherited) @executable_path/Frameworks";
				LIBRARY_SEARCH_PATHS = (
					"$(inherited)",
					"$(PROJECT_DIR)/FunGif",
					"$(PROJECT_DIR)/FunGif/OpenSDK1.7.5",
				);
				OTHER_LDFLAGS = "$(inherited)";
				PODS_ROOT = "$(inherited)";
				PRODUCT_BUNDLE_IDENTIFIER = com.richy.FunGif;
				PRODUCT_NAME = "$(TARGET_NAME)";
				SWIFT_OBJC_BRIDGING_HEADER = "FunGif/OpenSDK1.7.5/FunGif-Bridging-Header.h";
				SWIFT_VERSION = 3.0;
			};
			name = Release;
		};
		AB2843B11DA724E100650ACA /* Debug */ = {
			isa = XCBuildConfiguration;
			baseConfigurationReference = 06D33386BE16423C1D93049D /* Pods-FunGifTests.debug.xcconfig */;
			buildSettings = {
				ALWAYS_EMBED_SWIFT_STANDARD_LIBRARIES = YES;
				BUNDLE_LOADER = "$(TEST_HOST)";
				DEVELOPMENT_TEAM = WK6WD64FDN;
				INFOPLIST_FILE = FunGifTests/Info.plist;
				LD_RUNPATH_SEARCH_PATHS = "$(inherited) @executable_path/Frameworks @loader_path/Frameworks";
				OTHER_LDFLAGS = "$(inherited)";
				PODS_ROOT = "$(inherited)";
				PRODUCT_BUNDLE_IDENTIFIER = richy.FunGifTests;
				PRODUCT_NAME = "$(TARGET_NAME)";
				SWIFT_VERSION = 3.0;
				TEST_HOST = "$(BUILT_PRODUCTS_DIR)/FunGif.app/FunGif";
			};
			name = Debug;
		};
		AB2843B21DA724E100650ACA /* Release */ = {
			isa = XCBuildConfiguration;
			baseConfigurationReference = C85AEC3F7AB9B8539EF0F2CA /* Pods-FunGifTests.release.xcconfig */;
			buildSettings = {
				ALWAYS_EMBED_SWIFT_STANDARD_LIBRARIES = YES;
				BUNDLE_LOADER = "$(TEST_HOST)";
				DEVELOPMENT_TEAM = WK6WD64FDN;
				INFOPLIST_FILE = FunGifTests/Info.plist;
				LD_RUNPATH_SEARCH_PATHS = "$(inherited) @executable_path/Frameworks @loader_path/Frameworks";
				OTHER_LDFLAGS = "$(inherited)";
				PODS_ROOT = "$(inherited)";
				PRODUCT_BUNDLE_IDENTIFIER = richy.FunGifTests;
				PRODUCT_NAME = "$(TARGET_NAME)";
				SWIFT_VERSION = 3.0;
				TEST_HOST = "$(BUILT_PRODUCTS_DIR)/FunGif.app/FunGif";
			};
			name = Release;
		};
		AB2843B41DA724E100650ACA /* Debug */ = {
			isa = XCBuildConfiguration;
			buildSettings = {
				ALWAYS_EMBED_SWIFT_STANDARD_LIBRARIES = YES;
				DEVELOPMENT_TEAM = WK6WD64FDN;
				INFOPLIST_FILE = FunGifUITests/Info.plist;
				LD_RUNPATH_SEARCH_PATHS = "$(inherited) @executable_path/Frameworks @loader_path/Frameworks";
				OTHER_LDFLAGS = "$(inherited)";
				PRODUCT_BUNDLE_IDENTIFIER = richy.FunGifUITests;
				PRODUCT_NAME = "$(TARGET_NAME)";
				SWIFT_VERSION = 3.0;
				TEST_TARGET_NAME = FunGif;
			};
			name = Debug;
		};
		AB2843B51DA724E100650ACA /* Release */ = {
			isa = XCBuildConfiguration;
			buildSettings = {
				ALWAYS_EMBED_SWIFT_STANDARD_LIBRARIES = YES;
				DEVELOPMENT_TEAM = WK6WD64FDN;
				INFOPLIST_FILE = FunGifUITests/Info.plist;
				LD_RUNPATH_SEARCH_PATHS = "$(inherited) @executable_path/Frameworks @loader_path/Frameworks";
				OTHER_LDFLAGS = "$(inherited)";
				PRODUCT_BUNDLE_IDENTIFIER = richy.FunGifUITests;
				PRODUCT_NAME = "$(TARGET_NAME)";
				SWIFT_VERSION = 3.0;
				TEST_TARGET_NAME = FunGif;
			};
			name = Release;
		};
/* End XCBuildConfiguration section */

/* Begin XCConfigurationList section */
		AB2843801DA724E100650ACA /* Build configuration list for PBXProject "FunGif" */ = {
			isa = XCConfigurationList;
			buildConfigurations = (
				AB2843AB1DA724E100650ACA /* Debug */,
				AB2843AC1DA724E100650ACA /* Release */,
			);
			defaultConfigurationIsVisible = 0;
			defaultConfigurationName = Release;
		};
		AB2843AD1DA724E100650ACA /* Build configuration list for PBXNativeTarget "FunGif" */ = {
			isa = XCConfigurationList;
			buildConfigurations = (
				AB2843AE1DA724E100650ACA /* Debug */,
				AB2843AF1DA724E100650ACA /* Release */,
			);
			defaultConfigurationIsVisible = 0;
			defaultConfigurationName = Release;
		};
		AB2843B01DA724E100650ACA /* Build configuration list for PBXNativeTarget "FunGifTests" */ = {
			isa = XCConfigurationList;
			buildConfigurations = (
				AB2843B11DA724E100650ACA /* Debug */,
				AB2843B21DA724E100650ACA /* Release */,
			);
			defaultConfigurationIsVisible = 0;
			defaultConfigurationName = Release;
		};
		AB2843B31DA724E100650ACA /* Build configuration list for PBXNativeTarget "FunGifUITests" */ = {
			isa = XCConfigurationList;
			buildConfigurations = (
				AB2843B41DA724E100650ACA /* Debug */,
				AB2843B51DA724E100650ACA /* Release */,
			);
			defaultConfigurationIsVisible = 0;
			defaultConfigurationName = Release;
		};
/* End XCConfigurationList section */
	};
	rootObject = AB28437D1DA724E100650ACA /* Project object */;
}
